
Microsoft Visual Studio Solution File, Format Version 11.00
# Visual Studio 2010
Project("{8BC9CEB8-8B4A-11D0-8D11-00A0C91BC942}") = "TEXT", "TEXT\TEXT.vcxproj", "{F8A861B9-635B-42E5-B918-58BE3B23D3AC}"
EndProject
Global
	GlobalSection(SolutionConfigurationPlatforms) = preSolution
		Debug|Win32 = Debug|Win32
		Release|Win32 = Release|Win32
	EndGlobalSection
	GlobalSection(ProjectConfigurationPlatforms) = postSolution
		{F8A861B9-635B-42E5-B918-58BE3B23D3AC}.Debug|Win32.ActiveCfg = Debug|Win32
		{F8A861B9-635B-42E5-B918-58BE3B23D3AC}.Debug|Win32.Build.0 = Debug|Win32
		{F8A861B9-635B-42E5-B918-58BE3B23D3AC}.Release|Win32.ActiveCfg = Release|Win32
		{F8A861B9-635B-42E5-B918-58BE3B23D3AC}.Release|Win32.Build.0 = Release|Win32
	EndGlobalSection
	GlobalSection(SolutionProperties) = preSolution
		HideSolutionNode = FALSE
	EndGlobalSection
EndGlobal
